
Microsoft Visual Studio Solution File, Format Version 12.00
# Visual Studio Version 17
VisualStudioVersion = 17.8.34525.116
MinimumVisualStudioVersion = 10.0.40219.1
Project("{9A19103F-16F7-4668-BE54-9A1E7A4F7556}") = "GenericMathUtilities", "GenericMathUtilities\GenericMathUtilities.csproj", "{99C6BA74-516B-4BDC-8B64-91A97E28A0B5}"
EndProject
Project("{9A19103F-16F7-4668-BE54-9A1E7A4F7556}") = "PRTestBase", "GPRTestBase\PRTestBase.csproj", "{ACE16C81-87AA-4BE0-8444-5E915B117596}"
EndProject
Project("{9A19103F-16F7-4668-BE54-9A1E7A4F7556}") = "GenericMathUtilities.Tests", "GenericMathUtilities.Tests\GenericMathUtilities.Tests.csproj", "{42B8DF51-F664-45CA-994F-21D134B61E89}"
EndProject
Global
	GlobalSection(SolutionConfigurationPlatforms) = preSolution
		Debug|Any CPU = Debug|Any CPU
		Release|Any CPU = Release|Any CPU
	EndGlobalSection
	GlobalSection(ProjectConfigurationPlatforms) = postSolution
		{99C6BA74-516B-4BDC-8B64-91A97E28A0B5}.Debug|Any CPU.ActiveCfg = Debug|Any CPU
		{99C6BA74-516B-4BDC-8B64-91A97E28A0B5}.Debug|Any CPU.Build.0 = Debug|Any CPU
		{99C6BA74-516B-4BDC-8B64-91A97E28A0B5}.Release|Any CPU.ActiveCfg = Release|Any CPU
		{99C6BA74-516B-4BDC-8B64-91A97E28A0B5}.Release|Any CPU.Build.0 = Release|Any CPU
		{ACE16C81-87AA-4BE0-8444-5E915B117596}.Debug|Any CPU.ActiveCfg = Debug|Any CPU
		{ACE16C81-87AA-4BE0-8444-5E915B117596}.Debug|Any CPU.Build.0 = Debug|Any CPU
		{ACE16C81-87AA-4BE0-8444-5E915B117596}.Release|Any CPU.ActiveCfg = Release|Any CPU
		{ACE16C81-87AA-4BE0-8444-5E915B117596}.Release|Any CPU.Build.0 = Release|Any CPU
		{42B8DF51-F664-45CA-994F-21D134B61E89}.Debug|Any CPU.ActiveCfg = Debug|Any CPU
		{42B8DF51-F664-45CA-994F-21D134B61E89}.Debug|Any CPU.Build.0 = Debug|Any CPU
		{42B8DF51-F664-45CA-994F-21D134B61E89}.Release|Any CPU.ActiveCfg = Release|Any CPU
		{42B8DF51-F664-45CA-994F-21D134B61E89}.Release|Any CPU.Build.0 = Release|Any CPU
	EndGlobalSection
	GlobalSection(SolutionProperties) = preSolution
		HideSolutionNode = FALSE
	EndGlobalSection
	GlobalSection(ExtensibilityGlobals) = postSolution
		SolutionGuid = {B246D4F8-9057-4073-8B0F-567E4C8EDA82}
	EndGlobalSection
EndGlobal
