
Microsoft Visual Studio Solution File, Format Version 12.00
# Visual Studio Version 17
VisualStudioVersion = 17.8.34525.116
MinimumVisualStudioVersion = 10.0.40219.1
Project("{9A19103F-16F7-4668-BE54-9A1E7A4F7556}") = "GenericMathUtilities", "GenericMathUtilities\GenericMathUtilities.csproj", "{99C6BA74-516B-4BDC-8B64-91A97E28A0B5}"
EndProject
Project("{9A19103F-16F7-4668-BE54-9A1E7A4F7556}") = "PRTestBase", "GPRTestBase\PRTestBase.csproj", "{ACE16C81-87AA-4BE0-8444-5E915B117596}"
EndProject
Project("{9A19103F-16F7-4668-BE54-9A1E7A4F7556}") = "GenericMathUtilities.Tests", "GenericMathUtilities.Tests\GenericMathUtilities.Tests.csproj", "{42B8DF51-F664-45CA-994F-21D134B61E89}"
EndProject
Project("{9A19103F-16F7-4668-BE54-9A1E7A4F7556}") = "ModularArithmetic", "ModularArithmetic\ModularArithmetic.csproj", "{3F26E6B0-C5F9-4118-AC12-F4574C594B0B}"
EndProject
Project("{9A19103F-16F7-4668-BE54-9A1E7A4F7556}") = "ModularArithmetic.Tests", "ModularArithmetic.Tests\ModularArithmetic.Tests.csproj", "{FB9CBBB6-263C-47C8-88F2-ED25CC8A85EB}"
EndProject
Project("{9A19103F-16F7-4668-BE54-9A1E7A4F7556}") = "EllipticCurvesMath", "EllipticCurvesMath\EllipticCurvesMath.csproj", "{3071FFE6-DDD1-4BA9-85F9-567281AFF3ED}"
EndProject
Project("{9A19103F-16F7-4668-BE54-9A1E7A4F7556}") = "EllipticCurvesMath.Tests", "EllipticCurvesMath.Tests\EllipticCurvesMath.Tests.csproj", "{26D5096C-3192-4E60-A549-9FDC4D0A7FF0}"
EndProject
Global
	GlobalSection(SolutionConfigurationPlatforms) = preSolution
		Debug|Any CPU = Debug|Any CPU
		Release|Any CPU = Release|Any CPU
	EndGlobalSection
	GlobalSection(ProjectConfigurationPlatforms) = postSolution
		{99C6BA74-516B-4BDC-8B64-91A97E28A0B5}.Debug|Any CPU.ActiveCfg = Debug|Any CPU
		{99C6BA74-516B-4BDC-8B64-91A97E28A0B5}.Debug|Any CPU.Build.0 = Debug|Any CPU
		{99C6BA74-516B-4BDC-8B64-91A97E28A0B5}.Release|Any CPU.ActiveCfg = Release|Any CPU
		{99C6BA74-516B-4BDC-8B64-91A97E28A0B5}.Release|Any CPU.Build.0 = Release|Any CPU
		{ACE16C81-87AA-4BE0-8444-5E915B117596}.Debug|Any CPU.ActiveCfg = Debug|Any CPU
		{ACE16C81-87AA-4BE0-8444-5E915B117596}.Debug|Any CPU.Build.0 = Debug|Any CPU
		{ACE16C81-87AA-4BE0-8444-5E915B117596}.Release|Any CPU.ActiveCfg = Release|Any CPU
		{ACE16C81-87AA-4BE0-8444-5E915B117596}.Release|Any CPU.Build.0 = Release|Any CPU
		{42B8DF51-F664-45CA-994F-21D134B61E89}.Debug|Any CPU.ActiveCfg = Debug|Any CPU
		{42B8DF51-F664-45CA-994F-21D134B61E89}.Debug|Any CPU.Build.0 = Debug|Any CPU
		{42B8DF51-F664-45CA-994F-21D134B61E89}.Release|Any CPU.ActiveCfg = Release|Any CPU
		{42B8DF51-F664-45CA-994F-21D134B61E89}.Release|Any CPU.Build.0 = Release|Any CPU
		{3F26E6B0-C5F9-4118-AC12-F4574C594B0B}.Debug|Any CPU.ActiveCfg = Debug|Any CPU
		{3F26E6B0-C5F9-4118-AC12-F4574C594B0B}.Debug|Any CPU.Build.0 = Debug|Any CPU
		{3F26E6B0-C5F9-4118-AC12-F4574C594B0B}.Release|Any CPU.ActiveCfg = Release|Any CPU
		{3F26E6B0-C5F9-4118-AC12-F4574C594B0B}.Release|Any CPU.Build.0 = Release|Any CPU
		{FB9CBBB6-263C-47C8-88F2-ED25CC8A85EB}.Debug|Any CPU.ActiveCfg = Debug|Any CPU
		{FB9CBBB6-263C-47C8-88F2-ED25CC8A85EB}.Debug|Any CPU.Build.0 = Debug|Any CPU
		{FB9CBBB6-263C-47C8-88F2-ED25CC8A85EB}.Release|Any CPU.ActiveCfg = Release|Any CPU
		{FB9CBBB6-263C-47C8-88F2-ED25CC8A85EB}.Release|Any CPU.Build.0 = Release|Any CPU
		{3071FFE6-DDD1-4BA9-85F9-567281AFF3ED}.Debug|Any CPU.ActiveCfg = Debug|Any CPU
		{3071FFE6-DDD1-4BA9-85F9-567281AFF3ED}.Debug|Any CPU.Build.0 = Debug|Any CPU
		{3071FFE6-DDD1-4BA9-85F9-567281AFF3ED}.Release|Any CPU.ActiveCfg = Release|Any CPU
		{3071FFE6-DDD1-4BA9-85F9-567281AFF3ED}.Release|Any CPU.Build.0 = Release|Any CPU
		{26D5096C-3192-4E60-A549-9FDC4D0A7FF0}.Debug|Any CPU.ActiveCfg = Debug|Any CPU
		{26D5096C-3192-4E60-A549-9FDC4D0A7FF0}.Debug|Any CPU.Build.0 = Debug|Any CPU
		{26D5096C-3192-4E60-A549-9FDC4D0A7FF0}.Release|Any CPU.ActiveCfg = Release|Any CPU
		{26D5096C-3192-4E60-A549-9FDC4D0A7FF0}.Release|Any CPU.Build.0 = Release|Any CPU
	EndGlobalSection
	GlobalSection(SolutionProperties) = preSolution
		HideSolutionNode = FALSE
	EndGlobalSection
	GlobalSection(ExtensibilityGlobals) = postSolution
		SolutionGuid = {B246D4F8-9057-4073-8B0F-567E4C8EDA82}
	EndGlobalSection
EndGlobal
